
Microsoft Visual Studio Solution File, Format Version 12.00
# Visual Studio Version 17
VisualStudioVersion = 17.7.34031.279
MinimumVisualStudioVersion = 10.0.40219.1
Project("{FAE04EC0-301F-11D3-BF4B-00C04F79EFBC}") = "Last version of school management system", "Last version of school management system.csproj", "{3381457A-4C7D-4F00-B33B-F97A9944348C}"
EndProject
Global
	GlobalSection(SolutionConfigurationPlatforms) = preSolution
		Debug|Any CPU = Debug|Any CPU
		Release|Any CPU = Release|Any CPU
	EndGlobalSection
	GlobalSection(ProjectConfigurationPlatforms) = postSolution
		{3381457A-4C7D-4F00-B33B-F97A9944348C}.Debug|Any CPU.ActiveCfg = Debug|Any CPU
		{3381457A-4C7D-4F00-B33B-F97A9944348C}.Debug|Any CPU.Build.0 = Debug|Any CPU
		{3381457A-4C7D-4F00-B33B-F97A9944348C}.Release|Any CPU.ActiveCfg = Release|Any CPU
		{3381457A-4C7D-4F00-B33B-F97A9944348C}.Release|Any CPU.Build.0 = Release|Any CPU
	EndGlobalSection
	GlobalSection(SolutionProperties) = preSolution
		HideSolutionNode = FALSE
	EndGlobalSection
	GlobalSection(ExtensibilityGlobals) = postSolution
		SolutionGuid = {95C2EFD3-DDDD-4589-B27E-83058C0ACB67}
	EndGlobalSection
EndGlobal
