
Microsoft Visual Studio Solution File, Format Version 12.00
# Visual Studio Version 17
VisualStudioVersion = 17.7.34031.279
MinimumVisualStudioVersion = 10.0.40219.1
Project("{9A19103F-16F7-4668-BE54-9A1E7A4F7556}") = "The_second_project", "The_second_project\The_second_project.csproj", "{E75D28DF-2C42-4FD7-BAE3-FEE02C3E91DF}"
EndProject
Project("{2150E333-8FDC-42A3-9474-1A3956D46DE8}") = "NewFolder1", "NewFolder1", "{FA364349-837F-41C0-814D-6C5B84945ABF}"
EndProject
Global
	GlobalSection(SolutionConfigurationPlatforms) = preSolution
		Debug|Any CPU = Debug|Any CPU
		Release|Any CPU = Release|Any CPU
	EndGlobalSection
	GlobalSection(ProjectConfigurationPlatforms) = postSolution
		{E75D28DF-2C42-4FD7-BAE3-FEE02C3E91DF}.Debug|Any CPU.ActiveCfg = Debug|Any CPU
		{E75D28DF-2C42-4FD7-BAE3-FEE02C3E91DF}.Debug|Any CPU.Build.0 = Debug|Any CPU
		{E75D28DF-2C42-4FD7-BAE3-FEE02C3E91DF}.Release|Any CPU.ActiveCfg = Release|Any CPU
		{E75D28DF-2C42-4FD7-BAE3-FEE02C3E91DF}.Release|Any CPU.Build.0 = Release|Any CPU
	EndGlobalSection
	GlobalSection(SolutionProperties) = preSolution
		HideSolutionNode = FALSE
	EndGlobalSection
	GlobalSection(ExtensibilityGlobals) = postSolution
		SolutionGuid = {2A0E87F9-E599-4DC6-BA9A-7D15513441D0}
	EndGlobalSection
EndGlobal
